// !$*UTF8*$!
{
	archiveVersion = 1;
	classes = {
	};
	objectVersion = 56;
	objects = {

/* Begin PBXBuildFile section */
		681CB41D294E09930081AC79 /* RxBlocking in Frameworks */ = {isa = PBXBuildFile; productRef = 681CB41C294E09930081AC79 /* RxBlocking */; };
		681CB41F294E09980081AC79 /* RxTest in Frameworks */ = {isa = PBXBuildFile; productRef = 681CB41E294E09980081AC79 /* RxTest */; };
		684AB2302976C2D0009994F8 /* EndPoint.swift in Sources */ = {isa = PBXBuildFile; fileRef = 684AB22F2976C2D0009994F8 /* EndPoint.swift */; };
		684AB2322976C357009994F8 /* Methods.swift in Sources */ = {isa = PBXBuildFile; fileRef = 684AB2312976C357009994F8 /* Methods.swift */; };
		684AB2342976C398009994F8 /* Error.swift in Sources */ = {isa = PBXBuildFile; fileRef = 684AB2332976C398009994F8 /* Error.swift */; };
		68DAB687294E003A0056D30E /* AppDelegate.swift in Sources */ = {isa = PBXBuildFile; fileRef = 68DAB686294E003A0056D30E /* AppDelegate.swift */; };
		68DAB689294E003A0056D30E /* SceneDelegate.swift in Sources */ = {isa = PBXBuildFile; fileRef = 68DAB688294E003A0056D30E /* SceneDelegate.swift */; };
		68DAB68B294E003A0056D30E /* HomeViewController.swift in Sources */ = {isa = PBXBuildFile; fileRef = 68DAB68A294E003A0056D30E /* HomeViewController.swift */; };
		68DAB690294E003C0056D30E /* Assets.xcassets in Resources */ = {isa = PBXBuildFile; fileRef = 68DAB68F294E003C0056D30E /* Assets.xcassets */; };
		68DAB693294E003C0056D30E /* LaunchScreen.storyboard in Resources */ = {isa = PBXBuildFile; fileRef = 68DAB691294E003C0056D30E /* LaunchScreen.storyboard */; };
		68DAB69E294E003C0056D30E /* FitnerTests.swift in Sources */ = {isa = PBXBuildFile; fileRef = 68DAB69D294E003C0056D30E /* FitnerTests.swift */; };
		68DAB6A8294E003C0056D30E /* FitnerUITests.swift in Sources */ = {isa = PBXBuildFile; fileRef = 68DAB6A7294E003C0056D30E /* FitnerUITests.swift */; };
		68DAB6AA294E003C0056D30E /* FitnerUITestsLaunchTests.swift in Sources */ = {isa = PBXBuildFile; fileRef = 68DAB6A9294E003C0056D30E /* FitnerUITestsLaunchTests.swift */; };
		68DAB6BA294E00A80056D30E /* RxCocoa in Frameworks */ = {isa = PBXBuildFile; productRef = 68DAB6B9294E00A80056D30E /* RxCocoa */; };
		68DAB6BC294E00A80056D30E /* RxRelay in Frameworks */ = {isa = PBXBuildFile; productRef = 68DAB6BB294E00A80056D30E /* RxRelay */; };
		68DAB6BE294E00A80056D30E /* RxSwift in Frameworks */ = {isa = PBXBuildFile; productRef = 68DAB6BD294E00A80056D30E /* RxSwift */; };
		68DAB6C3294E00D60056D30E /* SnapKit in Frameworks */ = {isa = PBXBuildFile; productRef = 68DAB6C2294E00D60056D30E /* SnapKit */; };
		68DAB6C6294E04320056D30E /* Moya in Frameworks */ = {isa = PBXBuildFile; productRef = 68DAB6C5294E04320056D30E /* Moya */; };
		68DAB6C8294E04320056D30E /* RxMoya in Frameworks */ = {isa = PBXBuildFile; productRef = 68DAB6C7294E04320056D30E /* RxMoya */; };
		FC2AAA7D297FBE8300423DA9 /* Exercise.swift in Sources */ = {isa = PBXBuildFile; fileRef = FC2AAA7C297FBE8300423DA9 /* Exercise.swift */; };
		FC2AAA7F297FBF5600423DA9 /* HTTPClient.swift in Sources */ = {isa = PBXBuildFile; fileRef = FC2AAA7E297FBF5600423DA9 /* HTTPClient.swift */; };
		FC3B73702965AB3B00A1222A /* Kingfisher in Frameworks */ = {isa = PBXBuildFile; productRef = FC3B736F2965AB3B00A1222A /* Kingfisher */; };
		FC8DD5202959C0D800A20CC7 /* GoogleService-Info.plist in Resources */ = {isa = PBXBuildFile; fileRef = FC8DD51F2959C0D800A20CC7 /* GoogleService-Info.plist */; };
		FC8DD5232959C17E00A20CC7 /* FirebaseAnalytics in Frameworks */ = {isa = PBXBuildFile; productRef = FC8DD5222959C17E00A20CC7 /* FirebaseAnalytics */; };
		FC8DD5252959C17E00A20CC7 /* FirebaseAuth in Frameworks */ = {isa = PBXBuildFile; productRef = FC8DD5242959C17E00A20CC7 /* FirebaseAuth */; };
		FC8DD5272959C17E00A20CC7 /* FirebaseCrashlytics in Frameworks */ = {isa = PBXBuildFile; productRef = FC8DD5262959C17E00A20CC7 /* FirebaseCrashlytics */; };
		FC8DD5292959C17E00A20CC7 /* FirebaseDatabase in Frameworks */ = {isa = PBXBuildFile; productRef = FC8DD5282959C17E00A20CC7 /* FirebaseDatabase */; };
		FC8DD52B2959C17E00A20CC7 /* FirebaseFirestore in Frameworks */ = {isa = PBXBuildFile; productRef = FC8DD52A2959C17E00A20CC7 /* FirebaseFirestore */; };
		FC8DD52D2959C17E00A20CC7 /* FirebaseRemoteConfig in Frameworks */ = {isa = PBXBuildFile; productRef = FC8DD52C2959C17E00A20CC7 /* FirebaseRemoteConfig */; };
		FC8DD52F2959C17E00A20CC7 /* FirebaseStorage in Frameworks */ = {isa = PBXBuildFile; productRef = FC8DD52E2959C17E00A20CC7 /* FirebaseStorage */; };
		FCAE78F2295735EB00212BAA /* ProgramCollectionViewCell.swift in Sources */ = {isa = PBXBuildFile; fileRef = FCAE78F1295735EB00212BAA /* ProgramCollectionViewCell.swift */; };
/* End PBXBuildFile section */

/* Begin PBXContainerItemProxy section */
		68DAB69A294E003C0056D30E /* PBXContainerItemProxy */ = {
			isa = PBXContainerItemProxy;
			containerPortal = 68DAB67B294E003A0056D30E /* Project object */;
			proxyType = 1;
			remoteGlobalIDString = 68DAB682294E003A0056D30E;
			remoteInfo = Fitner;
		};
		68DAB6A4294E003C0056D30E /* PBXContainerItemProxy */ = {
			isa = PBXContainerItemProxy;
			containerPortal = 68DAB67B294E003A0056D30E /* Project object */;
			proxyType = 1;
			remoteGlobalIDString = 68DAB682294E003A0056D30E;
			remoteInfo = Fitner;
		};
/* End PBXContainerItemProxy section */

/* Begin PBXFileReference section */
		684AB22F2976C2D0009994F8 /* EndPoint.swift */ = {isa = PBXFileReference; lastKnownFileType = sourcecode.swift; path = EndPoint.swift; sourceTree = "<group>"; };
		684AB2312976C357009994F8 /* Methods.swift */ = {isa = PBXFileReference; lastKnownFileType = sourcecode.swift; path = Methods.swift; sourceTree = "<group>"; };
		684AB2332976C398009994F8 /* Error.swift */ = {isa = PBXFileReference; lastKnownFileType = sourcecode.swift; path = Error.swift; sourceTree = "<group>"; };
		68DAB683294E003A0056D30E /* FitStrap.app */ = {isa = PBXFileReference; explicitFileType = wrapper.application; includeInIndex = 0; path = FitStrap.app; sourceTree = BUILT_PRODUCTS_DIR; };
		68DAB686294E003A0056D30E /* AppDelegate.swift */ = {isa = PBXFileReference; lastKnownFileType = sourcecode.swift; path = AppDelegate.swift; sourceTree = "<group>"; };
		68DAB688294E003A0056D30E /* SceneDelegate.swift */ = {isa = PBXFileReference; lastKnownFileType = sourcecode.swift; path = SceneDelegate.swift; sourceTree = "<group>"; };
		68DAB68A294E003A0056D30E /* HomeViewController.swift */ = {isa = PBXFileReference; lastKnownFileType = sourcecode.swift; path = HomeViewController.swift; sourceTree = "<group>"; };
		68DAB68F294E003C0056D30E /* Assets.xcassets */ = {isa = PBXFileReference; lastKnownFileType = folder.assetcatalog; path = Assets.xcassets; sourceTree = "<group>"; };
		68DAB692294E003C0056D30E /* Base */ = {isa = PBXFileReference; lastKnownFileType = file.storyboard; name = Base; path = Base.lproj/LaunchScreen.storyboard; sourceTree = "<group>"; };
		68DAB694294E003C0056D30E /* Info.plist */ = {isa = PBXFileReference; lastKnownFileType = text.plist.xml; path = Info.plist; sourceTree = "<group>"; };
		68DAB699294E003C0056D30E /* FitStrapTests.xctest */ = {isa = PBXFileReference; explicitFileType = wrapper.cfbundle; includeInIndex = 0; path = FitStrapTests.xctest; sourceTree = BUILT_PRODUCTS_DIR; };
		68DAB69D294E003C0056D30E /* FitnerTests.swift */ = {isa = PBXFileReference; lastKnownFileType = sourcecode.swift; path = FitnerTests.swift; sourceTree = "<group>"; };
		68DAB6A3294E003C0056D30E /* FitStrapUITests.xctest */ = {isa = PBXFileReference; explicitFileType = wrapper.cfbundle; includeInIndex = 0; path = FitStrapUITests.xctest; sourceTree = BUILT_PRODUCTS_DIR; };
		68DAB6A7294E003C0056D30E /* FitnerUITests.swift */ = {isa = PBXFileReference; lastKnownFileType = sourcecode.swift; path = FitnerUITests.swift; sourceTree = "<group>"; };
		68DAB6A9294E003C0056D30E /* FitnerUITestsLaunchTests.swift */ = {isa = PBXFileReference; lastKnownFileType = sourcecode.swift; path = FitnerUITestsLaunchTests.swift; sourceTree = "<group>"; };
		FC2AAA7C297FBE8300423DA9 /* Exercise.swift */ = {isa = PBXFileReference; lastKnownFileType = sourcecode.swift; path = Exercise.swift; sourceTree = "<group>"; };
		FC2AAA7E297FBF5600423DA9 /* HTTPClient.swift */ = {isa = PBXFileReference; lastKnownFileType = sourcecode.swift; path = HTTPClient.swift; sourceTree = "<group>"; };
		FC8DD51F2959C0D800A20CC7 /* GoogleService-Info.plist */ = {isa = PBXFileReference; fileEncoding = 4; lastKnownFileType = text.plist.xml; path = "GoogleService-Info.plist"; sourceTree = "<group>"; };
		FCAE78F1295735EB00212BAA /* ProgramCollectionViewCell.swift */ = {isa = PBXFileReference; lastKnownFileType = sourcecode.swift; path = ProgramCollectionViewCell.swift; sourceTree = "<group>"; };
/* End PBXFileReference section */

/* Begin PBXFrameworksBuildPhase section */
		68DAB680294E003A0056D30E /* Frameworks */ = {
			isa = PBXFrameworksBuildPhase;
			buildActionMask = 2147483647;
			files = (
				FC8DD5292959C17E00A20CC7 /* FirebaseDatabase in Frameworks */,
				FC8DD5232959C17E00A20CC7 /* FirebaseAnalytics in Frameworks */,
				FC3B73702965AB3B00A1222A /* Kingfisher in Frameworks */,
				68DAB6BC294E00A80056D30E /* RxRelay in Frameworks */,
				FC8DD52D2959C17E00A20CC7 /* FirebaseRemoteConfig in Frameworks */,
				68DAB6BA294E00A80056D30E /* RxCocoa in Frameworks */,
				68DAB6C3294E00D60056D30E /* SnapKit in Frameworks */,
				68DAB6BE294E00A80056D30E /* RxSwift in Frameworks */,
				68DAB6C6294E04320056D30E /* Moya in Frameworks */,
				FC8DD52F2959C17E00A20CC7 /* FirebaseStorage in Frameworks */,
				FC8DD5272959C17E00A20CC7 /* FirebaseCrashlytics in Frameworks */,
				68DAB6C8294E04320056D30E /* RxMoya in Frameworks */,
				FC8DD52B2959C17E00A20CC7 /* FirebaseFirestore in Frameworks */,
				FC8DD5252959C17E00A20CC7 /* FirebaseAuth in Frameworks */,
			);
			runOnlyForDeploymentPostprocessing = 0;
		};
		68DAB696294E003C0056D30E /* Frameworks */ = {
			isa = PBXFrameworksBuildPhase;
			buildActionMask = 2147483647;
			files = (
				681CB41F294E09980081AC79 /* RxTest in Frameworks */,
				681CB41D294E09930081AC79 /* RxBlocking in Frameworks */,
			);
			runOnlyForDeploymentPostprocessing = 0;
		};
		68DAB6A0294E003C0056D30E /* Frameworks */ = {
			isa = PBXFrameworksBuildPhase;
			buildActionMask = 2147483647;
			files = (
			);
			runOnlyForDeploymentPostprocessing = 0;
		};
/* End PBXFrameworksBuildPhase section */

/* Begin PBXGroup section */
		681CB41B294E09930081AC79 /* Frameworks */ = {
			isa = PBXGroup;
			children = (
			);
			name = Frameworks;
			sourceTree = "<group>";
		};
		684AB22B2976C298009994F8 /* Network */ = {
			isa = PBXGroup;
			children = (
				684AB22E2976C2C3009994F8 /* Services */,
				684AB22D2976C2BC009994F8 /* Endpoints */,
				684AB22C2976C2B3009994F8 /* Base */,
			);
			path = Network;
			sourceTree = "<group>";
		};
		684AB22C2976C2B3009994F8 /* Base */ = {
			isa = PBXGroup;
			children = (
				684AB22F2976C2D0009994F8 /* EndPoint.swift */,
				684AB2312976C357009994F8 /* Methods.swift */,
				684AB2332976C398009994F8 /* Error.swift */,
				FC2AAA7E297FBF5600423DA9 /* HTTPClient.swift */,
			);
			path = Base;
			sourceTree = "<group>";
		};
		684AB22D2976C2BC009994F8 /* Endpoints */ = {
			isa = PBXGroup;
			children = (
			);
			path = Endpoints;
			sourceTree = "<group>";
		};
		684AB22E2976C2C3009994F8 /* Services */ = {
			isa = PBXGroup;
			children = (
			);
			path = Services;
			sourceTree = "<group>";
		};
		68DAB67A294E003A0056D30E = {
			isa = PBXGroup;
			children = (
				68DAB685294E003A0056D30E /* Fitner */,
				68DAB69C294E003C0056D30E /* FitnerTests */,
				68DAB6A6294E003C0056D30E /* FitnerUITests */,
				68DAB684294E003A0056D30E /* Products */,
				681CB41B294E09930081AC79 /* Frameworks */,
			);
			sourceTree = "<group>";
		};
		68DAB684294E003A0056D30E /* Products */ = {
			isa = PBXGroup;
			children = (
				68DAB683294E003A0056D30E /* FitStrap.app */,
				68DAB699294E003C0056D30E /* FitStrapTests.xctest */,
				68DAB6A3294E003C0056D30E /* FitStrapUITests.xctest */,
			);
			name = Products;
			sourceTree = "<group>";
		};
		68DAB685294E003A0056D30E /* Fitner */ = {
			isa = PBXGroup;
			children = (
				FCAE78EF295735AD00212BAA /* HomeViews */,
				68DAB686294E003A0056D30E /* AppDelegate.swift */,
				68DAB688294E003A0056D30E /* SceneDelegate.swift */,
				68DAB68A294E003A0056D30E /* HomeViewController.swift */,
				68DAB68F294E003C0056D30E /* Assets.xcassets */,
				68DAB691294E003C0056D30E /* LaunchScreen.storyboard */,
				FC8DD51F2959C0D800A20CC7 /* GoogleService-Info.plist */,
				68DAB694294E003C0056D30E /* Info.plist */,
			);
			path = Fitner;
			sourceTree = "<group>";
		};
		68DAB69C294E003C0056D30E /* FitnerTests */ = {
			isa = PBXGroup;
			children = (
				68DAB69D294E003C0056D30E /* FitnerTests.swift */,
			);
			path = FitnerTests;
			sourceTree = "<group>";
		};
		68DAB6A6294E003C0056D30E /* FitnerUITests */ = {
			isa = PBXGroup;
			children = (
				68DAB6A7294E003C0056D30E /* FitnerUITests.swift */,
				68DAB6A9294E003C0056D30E /* FitnerUITestsLaunchTests.swift */,
			);
			path = FitnerUITests;
			sourceTree = "<group>";
		};
		FC2AAA7B297FBE4D00423DA9 /* Model */ = {
			isa = PBXGroup;
			children = (
				FC2AAA7C297FBE8300423DA9 /* Exercise.swift */,
			);
			path = Model;
			sourceTree = "<group>";
		};
		FCAE78EF295735AD00212BAA /* HomeViews */ = {
			isa = PBXGroup;
			children = (
				FC2AAA7B297FBE4D00423DA9 /* Model */,
				684AB22B2976C298009994F8 /* Network */,
				FCAE78F0295735B600212BAA /* ProgramCell */,
			);
			path = HomeViews;
			sourceTree = "<group>";
		};
		FCAE78F0295735B600212BAA /* ProgramCell */ = {
			isa = PBXGroup;
			children = (
				FCAE78F1295735EB00212BAA /* ProgramCollectionViewCell.swift */,
			);
			path = ProgramCell;
			sourceTree = "<group>";
		};
/* End PBXGroup section */

/* Begin PBXNativeTarget section */
		68DAB682294E003A0056D30E /* FitStrap */ = {
			isa = PBXNativeTarget;
			buildConfigurationList = 68DAB6AD294E003C0056D30E /* Build configuration list for PBXNativeTarget "FitStrap" */;
			buildPhases = (
				68DAB67F294E003A0056D30E /* Sources */,
				68DAB680294E003A0056D30E /* Frameworks */,
				68DAB681294E003A0056D30E /* Resources */,
			);
			buildRules = (
			);
			dependencies = (
			);
			name = FitStrap;
			packageProductDependencies = (
				68DAB6B9294E00A80056D30E /* RxCocoa */,
				68DAB6BB294E00A80056D30E /* RxRelay */,
				68DAB6BD294E00A80056D30E /* RxSwift */,
				68DAB6C2294E00D60056D30E /* SnapKit */,
				68DAB6C5294E04320056D30E /* Moya */,
				68DAB6C7294E04320056D30E /* RxMoya */,
				FC8DD5222959C17E00A20CC7 /* FirebaseAnalytics */,
				FC8DD5242959C17E00A20CC7 /* FirebaseAuth */,
				FC8DD5262959C17E00A20CC7 /* FirebaseCrashlytics */,
				FC8DD5282959C17E00A20CC7 /* FirebaseDatabase */,
				FC8DD52A2959C17E00A20CC7 /* FirebaseFirestore */,
				FC8DD52C2959C17E00A20CC7 /* FirebaseRemoteConfig */,
				FC8DD52E2959C17E00A20CC7 /* FirebaseStorage */,
				FC3B736F2965AB3B00A1222A /* Kingfisher */,
			);
			productName = Fitner;
			productReference = 68DAB683294E003A0056D30E /* FitStrap.app */;
			productType = "com.apple.product-type.application";
		};
		68DAB698294E003C0056D30E /* FitStrapTests */ = {
			isa = PBXNativeTarget;
			buildConfigurationList = 68DAB6B0294E003C0056D30E /* Build configuration list for PBXNativeTarget "FitStrapTests" */;
			buildPhases = (
				68DAB695294E003C0056D30E /* Sources */,
				68DAB696294E003C0056D30E /* Frameworks */,
				68DAB697294E003C0056D30E /* Resources */,
			);
			buildRules = (
			);
			dependencies = (
				68DAB69B294E003C0056D30E /* PBXTargetDependency */,
			);
			name = FitStrapTests;
			packageProductDependencies = (
				681CB41C294E09930081AC79 /* RxBlocking */,
				681CB41E294E09980081AC79 /* RxTest */,
			);
			productName = FitnerTests;
			productReference = 68DAB699294E003C0056D30E /* FitStrapTests.xctest */;
			productType = "com.apple.product-type.bundle.unit-test";
		};
		68DAB6A2294E003C0056D30E /* FitStrapUITests */ = {
			isa = PBXNativeTarget;
			buildConfigurationList = 68DAB6B3294E003C0056D30E /* Build configuration list for PBXNativeTarget "FitStrapUITests" */;
			buildPhases = (
				68DAB69F294E003C0056D30E /* Sources */,
				68DAB6A0294E003C0056D30E /* Frameworks */,
				68DAB6A1294E003C0056D30E /* Resources */,
			);
			buildRules = (
			);
			dependencies = (
				68DAB6A5294E003C0056D30E /* PBXTargetDependency */,
			);
			name = FitStrapUITests;
			productName = FitnerUITests;
			productReference = 68DAB6A3294E003C0056D30E /* FitStrapUITests.xctest */;
			productType = "com.apple.product-type.bundle.ui-testing";
		};
/* End PBXNativeTarget section */

/* Begin PBXProject section */
		68DAB67B294E003A0056D30E /* Project object */ = {
			isa = PBXProject;
			attributes = {
				BuildIndependentTargetsInParallel = 1;
				LastSwiftUpdateCheck = 1410;
				LastUpgradeCheck = 1410;
				TargetAttributes = {
					68DAB682294E003A0056D30E = {
						CreatedOnToolsVersion = 14.1;
					};
					68DAB698294E003C0056D30E = {
						CreatedOnToolsVersion = 14.1;
						TestTargetID = 68DAB682294E003A0056D30E;
					};
					68DAB6A2294E003C0056D30E = {
						CreatedOnToolsVersion = 14.1;
						TestTargetID = 68DAB682294E003A0056D30E;
					};
				};
			};
			buildConfigurationList = 68DAB67E294E003A0056D30E /* Build configuration list for PBXProject "FitStrap" */;
			compatibilityVersion = "Xcode 14.0";
			developmentRegion = en;
			hasScannedForEncodings = 0;
			knownRegions = (
				en,
				Base,
			);
			mainGroup = 68DAB67A294E003A0056D30E;
			packageReferences = (
				68DAB6B6294E00A80056D30E /* XCRemoteSwiftPackageReference "RxSwift" */,
				68DAB6C1294E00D60056D30E /* XCRemoteSwiftPackageReference "SnapKit" */,
				68DAB6C4294E04320056D30E /* XCRemoteSwiftPackageReference "Moya" */,
				FC8DD5212959C17E00A20CC7 /* XCRemoteSwiftPackageReference "firebase-ios-sdk" */,
				FC3B736E2965AB3B00A1222A /* XCRemoteSwiftPackageReference "Kingfisher" */,
			);
			productRefGroup = 68DAB684294E003A0056D30E /* Products */;
			projectDirPath = "";
			projectRoot = "";
			targets = (
				68DAB682294E003A0056D30E /* FitStrap */,
				68DAB698294E003C0056D30E /* FitStrapTests */,
				68DAB6A2294E003C0056D30E /* FitStrapUITests */,
			);
		};
/* End PBXProject section */

/* Begin PBXResourcesBuildPhase section */
		68DAB681294E003A0056D30E /* Resources */ = {
			isa = PBXResourcesBuildPhase;
			buildActionMask = 2147483647;
			files = (
				68DAB693294E003C0056D30E /* LaunchScreen.storyboard in Resources */,
				68DAB690294E003C0056D30E /* Assets.xcassets in Resources */,
				FC8DD5202959C0D800A20CC7 /* GoogleService-Info.plist in Resources */,
			);
			runOnlyForDeploymentPostprocessing = 0;
		};
		68DAB697294E003C0056D30E /* Resources */ = {
			isa = PBXResourcesBuildPhase;
			buildActionMask = 2147483647;
			files = (
			);
			runOnlyForDeploymentPostprocessing = 0;
		};
		68DAB6A1294E003C0056D30E /* Resources */ = {
			isa = PBXResourcesBuildPhase;
			buildActionMask = 2147483647;
			files = (
			);
			runOnlyForDeploymentPostprocessing = 0;
		};
/* End PBXResourcesBuildPhase section */

/* Begin PBXSourcesBuildPhase section */
		68DAB67F294E003A0056D30E /* Sources */ = {
			isa = PBXSourcesBuildPhase;
			buildActionMask = 2147483647;
			files = (
				68DAB68B294E003A0056D30E /* HomeViewController.swift in Sources */,
				FC2AAA7D297FBE8300423DA9 /* Exercise.swift in Sources */,
				FCAE78F2295735EB00212BAA /* ProgramCollectionViewCell.swift in Sources */,
				684AB2302976C2D0009994F8 /* EndPoint.swift in Sources */,
				68DAB687294E003A0056D30E /* AppDelegate.swift in Sources */,
				FC2AAA7F297FBF5600423DA9 /* HTTPClient.swift in Sources */,
				684AB2322976C357009994F8 /* Methods.swift in Sources */,
				684AB2342976C398009994F8 /* Error.swift in Sources */,
				68DAB689294E003A0056D30E /* SceneDelegate.swift in Sources */,
			);
			runOnlyForDeploymentPostprocessing = 0;
		};
		68DAB695294E003C0056D30E /* Sources */ = {
			isa = PBXSourcesBuildPhase;
			buildActionMask = 2147483647;
			files = (
				68DAB69E294E003C0056D30E /* FitnerTests.swift in Sources */,
			);
			runOnlyForDeploymentPostprocessing = 0;
		};
		68DAB69F294E003C0056D30E /* Sources */ = {
			isa = PBXSourcesBuildPhase;
			buildActionMask = 2147483647;
			files = (
				68DAB6AA294E003C0056D30E /* FitnerUITestsLaunchTests.swift in Sources */,
				68DAB6A8294E003C0056D30E /* FitnerUITests.swift in Sources */,
			);
			runOnlyForDeploymentPostprocessing = 0;
		};
/* End PBXSourcesBuildPhase section */

/* Begin PBXTargetDependency section */
		68DAB69B294E003C0056D30E /* PBXTargetDependency */ = {
			isa = PBXTargetDependency;
			target = 68DAB682294E003A0056D30E /* FitStrap */;
			targetProxy = 68DAB69A294E003C0056D30E /* PBXContainerItemProxy */;
		};
		68DAB6A5294E003C0056D30E /* PBXTargetDependency */ = {
			isa = PBXTargetDependency;
			target = 68DAB682294E003A0056D30E /* FitStrap */;
			targetProxy = 68DAB6A4294E003C0056D30E /* PBXContainerItemProxy */;
		};
/* End PBXTargetDependency section */

/* Begin PBXVariantGroup section */
		68DAB691294E003C0056D30E /* LaunchScreen.storyboard */ = {
			isa = PBXVariantGroup;
			children = (
				68DAB692294E003C0056D30E /* Base */,
			);
			name = LaunchScreen.storyboard;
			sourceTree = "<group>";
		};
/* End PBXVariantGroup section */

/* Begin XCBuildConfiguration section */
		68DAB6AB294E003C0056D30E /* Debug */ = {
			isa = XCBuildConfiguration;
			buildSettings = {
				ALWAYS_SEARCH_USER_PATHS = NO;
				CLANG_ANALYZER_NONNULL = YES;
				CLANG_ANALYZER_NUMBER_OBJECT_CONVERSION = YES_AGGRESSIVE;
				CLANG_CXX_LANGUAGE_STANDARD = "gnu++20";
				CLANG_ENABLE_MODULES = YES;
				CLANG_ENABLE_OBJC_ARC = YES;
				CLANG_ENABLE_OBJC_WEAK = YES;
				CLANG_WARN_BLOCK_CAPTURE_AUTORELEASING = YES;
				CLANG_WARN_BOOL_CONVERSION = YES;
				CLANG_WARN_COMMA = YES;
				CLANG_WARN_CONSTANT_CONVERSION = YES;
				CLANG_WARN_DEPRECATED_OBJC_IMPLEMENTATIONS = YES;
				CLANG_WARN_DIRECT_OBJC_ISA_USAGE = YES_ERROR;
				CLANG_WARN_DOCUMENTATION_COMMENTS = YES;
				CLANG_WARN_EMPTY_BODY = YES;
				CLANG_WARN_ENUM_CONVERSION = YES;
				CLANG_WARN_INFINITE_RECURSION = YES;
				CLANG_WARN_INT_CONVERSION = YES;
				CLANG_WARN_NON_LITERAL_NULL_CONVERSION = YES;
				CLANG_WARN_OBJC_IMPLICIT_RETAIN_SELF = YES;
				CLANG_WARN_OBJC_LITERAL_CONVERSION = YES;
				CLANG_WARN_OBJC_ROOT_CLASS = YES_ERROR;
				CLANG_WARN_QUOTED_INCLUDE_IN_FRAMEWORK_HEADER = YES;
				CLANG_WARN_RANGE_LOOP_ANALYSIS = YES;
				CLANG_WARN_STRICT_PROTOTYPES = YES;
				CLANG_WARN_SUSPICIOUS_MOVE = YES;
				CLANG_WARN_UNGUARDED_AVAILABILITY = YES_AGGRESSIVE;
				CLANG_WARN_UNREACHABLE_CODE = YES;
				CLANG_WARN__DUPLICATE_METHOD_MATCH = YES;
				COPY_PHASE_STRIP = NO;
				DEBUG_INFORMATION_FORMAT = dwarf;
				ENABLE_STRICT_OBJC_MSGSEND = YES;
				ENABLE_TESTABILITY = YES;
				ENABLE_TESTING_SEARCH_PATHS = YES;
				GCC_C_LANGUAGE_STANDARD = gnu11;
				GCC_DYNAMIC_NO_PIC = NO;
				GCC_NO_COMMON_BLOCKS = YES;
				GCC_OPTIMIZATION_LEVEL = 0;
				GCC_PREPROCESSOR_DEFINITIONS = (
					"DEBUG=1",
					"$(inherited)",
				);
				GCC_WARN_64_TO_32_BIT_CONVERSION = YES;
				GCC_WARN_ABOUT_RETURN_TYPE = YES_ERROR;
				GCC_WARN_UNDECLARED_SELECTOR = YES;
				GCC_WARN_UNINITIALIZED_AUTOS = YES_AGGRESSIVE;
				GCC_WARN_UNUSED_FUNCTION = YES;
				GCC_WARN_UNUSED_VARIABLE = YES;
				IPHONEOS_DEPLOYMENT_TARGET = 16.1;
				MTL_ENABLE_DEBUG_INFO = INCLUDE_SOURCE;
				MTL_FAST_MATH = YES;
				ONLY_ACTIVE_ARCH = YES;
				SDKROOT = iphoneos;
				SWIFT_ACTIVE_COMPILATION_CONDITIONS = DEBUG;
				SWIFT_OPTIMIZATION_LEVEL = "-Onone";
			};
			name = Debug;
		};
		68DAB6AC294E003C0056D30E /* Release */ = {
			isa = XCBuildConfiguration;
			buildSettings = {
				ALWAYS_SEARCH_USER_PATHS = NO;
				CLANG_ANALYZER_NONNULL = YES;
				CLANG_ANALYZER_NUMBER_OBJECT_CONVERSION = YES_AGGRESSIVE;
				CLANG_CXX_LANGUAGE_STANDARD = "gnu++20";
				CLANG_ENABLE_MODULES = YES;
				CLANG_ENABLE_OBJC_ARC = YES;
				CLANG_ENABLE_OBJC_WEAK = YES;
				CLANG_WARN_BLOCK_CAPTURE_AUTORELEASING = YES;
				CLANG_WARN_BOOL_CONVERSION = YES;
				CLANG_WARN_COMMA = YES;
				CLANG_WARN_CONSTANT_CONVERSION = YES;
				CLANG_WARN_DEPRECATED_OBJC_IMPLEMENTATIONS = YES;
				CLANG_WARN_DIRECT_OBJC_ISA_USAGE = YES_ERROR;
				CLANG_WARN_DOCUMENTATION_COMMENTS = YES;
				CLANG_WARN_EMPTY_BODY = YES;
				CLANG_WARN_ENUM_CONVERSION = YES;
				CLANG_WARN_INFINITE_RECURSION = YES;
				CLANG_WARN_INT_CONVERSION = YES;
				CLANG_WARN_NON_LITERAL_NULL_CONVERSION = YES;
				CLANG_WARN_OBJC_IMPLICIT_RETAIN_SELF = YES;
				CLANG_WARN_OBJC_LITERAL_CONVERSION = YES;
				CLANG_WARN_OBJC_ROOT_CLASS = YES_ERROR;
				CLANG_WARN_QUOTED_INCLUDE_IN_FRAMEWORK_HEADER = YES;
				CLANG_WARN_RANGE_LOOP_ANALYSIS = YES;
				CLANG_WARN_STRICT_PROTOTYPES = YES;
				CLANG_WARN_SUSPICIOUS_MOVE = YES;
				CLANG_WARN_UNGUARDED_AVAILABILITY = YES_AGGRESSIVE;
				CLANG_WARN_UNREACHABLE_CODE = YES;
				CLANG_WARN__DUPLICATE_METHOD_MATCH = YES;
				COPY_PHASE_STRIP = NO;
				DEBUG_INFORMATION_FORMAT = "dwarf-with-dsym";
				ENABLE_NS_ASSERTIONS = NO;
				ENABLE_STRICT_OBJC_MSGSEND = YES;
				ENABLE_TESTABILITY = YES;
				ENABLE_TESTING_SEARCH_PATHS = YES;
				GCC_C_LANGUAGE_STANDARD = gnu11;
				GCC_NO_COMMON_BLOCKS = YES;
				GCC_WARN_64_TO_32_BIT_CONVERSION = YES;
				GCC_WARN_ABOUT_RETURN_TYPE = YES_ERROR;
				GCC_WARN_UNDECLARED_SELECTOR = YES;
				GCC_WARN_UNINITIALIZED_AUTOS = YES_AGGRESSIVE;
				GCC_WARN_UNUSED_FUNCTION = YES;
				GCC_WARN_UNUSED_VARIABLE = YES;
				IPHONEOS_DEPLOYMENT_TARGET = 16.1;
				MTL_ENABLE_DEBUG_INFO = NO;
				MTL_FAST_MATH = YES;
				SDKROOT = iphoneos;
				SWIFT_COMPILATION_MODE = wholemodule;
				SWIFT_OPTIMIZATION_LEVEL = "-O";
				VALIDATE_PRODUCT = YES;
			};
			name = Release;
		};
		68DAB6AE294E003C0056D30E /* Debug */ = {
			isa = XCBuildConfiguration;
			buildSettings = {
				ASSETCATALOG_COMPILER_APPICON_NAME = AppIcon;
				ASSETCATALOG_COMPILER_GLOBAL_ACCENT_COLOR_NAME = AccentColor;
				CODE_SIGN_STYLE = Manual;
				CURRENT_PROJECT_VERSION = 1;
				DEVELOPMENT_TEAM = "";
				GENERATE_INFOPLIST_FILE = YES;
				INFOPLIST_FILE = Fitner/Info.plist;
				INFOPLIST_KEY_LSApplicationCategoryType = "";
				INFOPLIST_KEY_UIApplicationSupportsIndirectInputEvents = YES;
				INFOPLIST_KEY_UILaunchStoryboardName = LaunchScreen;
				INFOPLIST_KEY_UISupportedInterfaceOrientations_iPad = "UIInterfaceOrientationPortrait UIInterfaceOrientationPortraitUpsideDown UIInterfaceOrientationLandscapeLeft UIInterfaceOrientationLandscapeRight";
				INFOPLIST_KEY_UISupportedInterfaceOrientations_iPhone = "UIInterfaceOrientationPortrait UIInterfaceOrientationLandscapeLeft UIInterfaceOrientationLandscapeRight";
				IPHONEOS_DEPLOYMENT_TARGET = 14.0;
				LD_RUNPATH_SEARCH_PATHS = (
					"$(inherited)",
					"@executable_path/Frameworks",
				);
				MARKETING_VERSION = 1.0;
				PRODUCT_BUNDLE_IDENTIFIER = com.daeun.aske.Fitner;
				PRODUCT_NAME = "$(TARGET_NAME)";
				PROVISIONING_PROFILE_SPECIFIER = "";
				SWIFT_EMIT_LOC_STRINGS = YES;
				SWIFT_VERSION = 5.0;
				TARGETED_DEVICE_FAMILY = "1,2";
			};
			name = Debug;
		};
		68DAB6AF294E003C0056D30E /* Release */ = {
			isa = XCBuildConfiguration;
			buildSettings = {
				ASSETCATALOG_COMPILER_APPICON_NAME = AppIcon;
				ASSETCATALOG_COMPILER_GLOBAL_ACCENT_COLOR_NAME = AccentColor;
				CODE_SIGN_STYLE = Manual;
				CURRENT_PROJECT_VERSION = 1;
				DEVELOPMENT_TEAM = "";
				GENERATE_INFOPLIST_FILE = YES;
				INFOPLIST_FILE = Fitner/Info.plist;
				INFOPLIST_KEY_LSApplicationCategoryType = "";
				INFOPLIST_KEY_UIApplicationSupportsIndirectInputEvents = YES;
				INFOPLIST_KEY_UILaunchStoryboardName = LaunchScreen;
				INFOPLIST_KEY_UISupportedInterfaceOrientations_iPad = "UIInterfaceOrientationPortrait UIInterfaceOrientationPortraitUpsideDown UIInterfaceOrientationLandscapeLeft UIInterfaceOrientationLandscapeRight";
				INFOPLIST_KEY_UISupportedInterfaceOrientations_iPhone = "UIInterfaceOrientationPortrait UIInterfaceOrientationLandscapeLeft UIInterfaceOrientationLandscapeRight";
				IPHONEOS_DEPLOYMENT_TARGET = 14.0;
				LD_RUNPATH_SEARCH_PATHS = (
					"$(inherited)",
					"@executable_path/Frameworks",
				);
				MARKETING_VERSION = 1.0;
				PRODUCT_BUNDLE_IDENTIFIER = com.daeun.aske.Fitner;
				PRODUCT_NAME = "$(TARGET_NAME)";
				PROVISIONING_PROFILE_SPECIFIER = "";
				SWIFT_EMIT_LOC_STRINGS = YES;
				SWIFT_VERSION = 5.0;
				TARGETED_DEVICE_FAMILY = "1,2";
			};
			name = Release;
		};
		68DAB6B1294E003C0056D30E /* Debug */ = {
			isa = XCBuildConfiguration;
			buildSettings = {
				ALWAYS_EMBED_SWIFT_STANDARD_LIBRARIES = YES;
				BUNDLE_LOADER = "$(TEST_HOST)";
				CODE_SIGN_STYLE = Automatic;
				CURRENT_PROJECT_VERSION = 1;
				GENERATE_INFOPLIST_FILE = YES;
				IPHONEOS_DEPLOYMENT_TARGET = 16.1;
				MARKETING_VERSION = 1.0;
				PRODUCT_BUNDLE_IDENTIFIER = com.daeun.aske.FitnerTests;
				PRODUCT_NAME = "$(TARGET_NAME)";
				SWIFT_EMIT_LOC_STRINGS = NO;
				SWIFT_VERSION = 5.0;
				TARGETED_DEVICE_FAMILY = "1,2";
				TEST_HOST = "$(BUILT_PRODUCTS_DIR)/FitStrap.app/$(BUNDLE_EXECUTABLE_FOLDER_PATH)/FitStrap";
			};
			name = Debug;
		};
		68DAB6B2294E003C0056D30E /* Release */ = {
			isa = XCBuildConfiguration;
			buildSettings = {
				ALWAYS_EMBED_SWIFT_STANDARD_LIBRARIES = YES;
				BUNDLE_LOADER = "$(TEST_HOST)";
				CODE_SIGN_STYLE = Automatic;
				CURRENT_PROJECT_VERSION = 1;
				GENERATE_INFOPLIST_FILE = YES;
				IPHONEOS_DEPLOYMENT_TARGET = 16.1;
				MARKETING_VERSION = 1.0;
				PRODUCT_BUNDLE_IDENTIFIER = com.daeun.aske.FitnerTests;
				PRODUCT_NAME = "$(TARGET_NAME)";
				SWIFT_EMIT_LOC_STRINGS = NO;
				SWIFT_VERSION = 5.0;
				TARGETED_DEVICE_FAMILY = "1,2";
				TEST_HOST = "$(BUILT_PRODUCTS_DIR)/FitStrap.app/$(BUNDLE_EXECUTABLE_FOLDER_PATH)/FitStrap";
			};
			name = Release;
		};
		68DAB6B4294E003C0056D30E /* Debug */ = {
			isa = XCBuildConfiguration;
			buildSettings = {
				ALWAYS_EMBED_SWIFT_STANDARD_LIBRARIES = YES;
				CODE_SIGN_STYLE = Automatic;
				CURRENT_PROJECT_VERSION = 1;
				GENERATE_INFOPLIST_FILE = YES;
				MARKETING_VERSION = 1.0;
				PRODUCT_BUNDLE_IDENTIFIER = com.daeun.aske.FitnerUITests;
				PRODUCT_NAME = "$(TARGET_NAME)";
				SWIFT_EMIT_LOC_STRINGS = NO;
				SWIFT_VERSION = 5.0;
				TARGETED_DEVICE_FAMILY = "1,2";
				TEST_TARGET_NAME = Fitner;
			};
			name = Debug;
		};
		68DAB6B5294E003C0056D30E /* Release */ = {
			isa = XCBuildConfiguration;
			buildSettings = {
				ALWAYS_EMBED_SWIFT_STANDARD_LIBRARIES = YES;
				CODE_SIGN_STYLE = Automatic;
				CURRENT_PROJECT_VERSION = 1;
				GENERATE_INFOPLIST_FILE = YES;
				MARKETING_VERSION = 1.0;
				PRODUCT_BUNDLE_IDENTIFIER = com.daeun.aske.FitnerUITests;
				PRODUCT_NAME = "$(TARGET_NAME)";
				SWIFT_EMIT_LOC_STRINGS = NO;
				SWIFT_VERSION = 5.0;
				TARGETED_DEVICE_FAMILY = "1,2";
				TEST_TARGET_NAME = Fitner;
			};
			name = Release;
		};
/* End XCBuildConfiguration section */

/* Begin XCConfigurationList section */
		68DAB67E294E003A0056D30E /* Build configuration list for PBXProject "FitStrap" */ = {
			isa = XCConfigurationList;
			buildConfigurations = (
				68DAB6AB294E003C0056D30E /* Debug */,
				68DAB6AC294E003C0056D30E /* Release */,
			);
			defaultConfigurationIsVisible = 0;
			defaultConfigurationName = Release;
		};
		68DAB6AD294E003C0056D30E /* Build configuration list for PBXNativeTarget "FitStrap" */ = {
			isa = XCConfigurationList;
			buildConfigurations = (
				68DAB6AE294E003C0056D30E /* Debug */,
				68DAB6AF294E003C0056D30E /* Release */,
			);
			defaultConfigurationIsVisible = 0;
			defaultConfigurationName = Release;
		};
		68DAB6B0294E003C0056D30E /* Build configuration list for PBXNativeTarget "FitStrapTests" */ = {
			isa = XCConfigurationList;
			buildConfigurations = (
				68DAB6B1294E003C0056D30E /* Debug */,
				68DAB6B2294E003C0056D30E /* Release */,
			);
			defaultConfigurationIsVisible = 0;
			defaultConfigurationName = Release;
		};
		68DAB6B3294E003C0056D30E /* Build configuration list for PBXNativeTarget "FitStrapUITests" */ = {
			isa = XCConfigurationList;
			buildConfigurations = (
				68DAB6B4294E003C0056D30E /* Debug */,
				68DAB6B5294E003C0056D30E /* Release */,
			);
			defaultConfigurationIsVisible = 0;
			defaultConfigurationName = Release;
		};
/* End XCConfigurationList section */

/* Begin XCRemoteSwiftPackageReference section */
		68DAB6B6294E00A80056D30E /* XCRemoteSwiftPackageReference "RxSwift" */ = {
			isa = XCRemoteSwiftPackageReference;
			repositoryURL = "https://github.com/ReactiveX/RxSwift.git";
			requirement = {
				kind = upToNextMajorVersion;
				minimumVersion = 6.1.0;
			};
		};
		68DAB6C1294E00D60056D30E /* XCRemoteSwiftPackageReference "SnapKit" */ = {
			isa = XCRemoteSwiftPackageReference;
			repositoryURL = "https://github.com/SnapKit/SnapKit.git";
			requirement = {
				kind = upToNextMajorVersion;
				minimumVersion = 5.6.0;
			};
		};
		68DAB6C4294E04320056D30E /* XCRemoteSwiftPackageReference "Moya" */ = {
			isa = XCRemoteSwiftPackageReference;
			repositoryURL = "https://github.com/Moya/Moya.git";
			requirement = {
				kind = upToNextMajorVersion;
				minimumVersion = 15.0.0;
			};
		};
		FC3B736E2965AB3B00A1222A /* XCRemoteSwiftPackageReference "Kingfisher" */ = {
			isa = XCRemoteSwiftPackageReference;
			repositoryURL = "https://github.com/onevcat/Kingfisher.git";
			requirement = {
				kind = upToNextMajorVersion;
				minimumVersion = 7.0.0;
			};
		};
		FC8DD5212959C17E00A20CC7 /* XCRemoteSwiftPackageReference "firebase-ios-sdk" */ = {
			isa = XCRemoteSwiftPackageReference;
			repositoryURL = "https://github.com/firebase/firebase-ios-sdk";
			requirement = {
				kind = upToNextMajorVersion;
				minimumVersion = 9.0.0;
			};
		};
/* End XCRemoteSwiftPackageReference section */

/* Begin XCSwiftPackageProductDependency section */
		681CB41C294E09930081AC79 /* RxBlocking */ = {
			isa = XCSwiftPackageProductDependency;
			package = 68DAB6B6294E00A80056D30E /* XCRemoteSwiftPackageReference "RxSwift" */;
			productName = RxBlocking;
		};
		681CB41E294E09980081AC79 /* RxTest */ = {
			isa = XCSwiftPackageProductDependency;
			package = 68DAB6B6294E00A80056D30E /* XCRemoteSwiftPackageReference "RxSwift" */;
			productName = RxTest;
		};
		68DAB6B9294E00A80056D30E /* RxCocoa */ = {
			isa = XCSwiftPackageProductDependency;
			package = 68DAB6B6294E00A80056D30E /* XCRemoteSwiftPackageReference "RxSwift" */;
			productName = RxCocoa;
		};
		68DAB6BB294E00A80056D30E /* RxRelay */ = {
			isa = XCSwiftPackageProductDependency;
			package = 68DAB6B6294E00A80056D30E /* XCRemoteSwiftPackageReference "RxSwift" */;
			productName = RxRelay;
		};
		68DAB6BD294E00A80056D30E /* RxSwift */ = {
			isa = XCSwiftPackageProductDependency;
			package = 68DAB6B6294E00A80056D30E /* XCRemoteSwiftPackageReference "RxSwift" */;
			productName = RxSwift;
		};
		68DAB6C2294E00D60056D30E /* SnapKit */ = {
			isa = XCSwiftPackageProductDependency;
			package = 68DAB6C1294E00D60056D30E /* XCRemoteSwiftPackageReference "SnapKit" */;
			productName = SnapKit;
		};
		68DAB6C5294E04320056D30E /* Moya */ = {
			isa = XCSwiftPackageProductDependency;
			package = 68DAB6C4294E04320056D30E /* XCRemoteSwiftPackageReference "Moya" */;
			productName = Moya;
		};
		68DAB6C7294E04320056D30E /* RxMoya */ = {
			isa = XCSwiftPackageProductDependency;
			package = 68DAB6C4294E04320056D30E /* XCRemoteSwiftPackageReference "Moya" */;
			productName = RxMoya;
		};
		FC3B736F2965AB3B00A1222A /* Kingfisher */ = {
			isa = XCSwiftPackageProductDependency;
			package = FC3B736E2965AB3B00A1222A /* XCRemoteSwiftPackageReference "Kingfisher" */;
			productName = Kingfisher;
		};
		FC8DD5222959C17E00A20CC7 /* FirebaseAnalytics */ = {
			isa = XCSwiftPackageProductDependency;
			package = FC8DD5212959C17E00A20CC7 /* XCRemoteSwiftPackageReference "firebase-ios-sdk" */;
			productName = FirebaseAnalytics;
		};
		FC8DD5242959C17E00A20CC7 /* FirebaseAuth */ = {
			isa = XCSwiftPackageProductDependency;
			package = FC8DD5212959C17E00A20CC7 /* XCRemoteSwiftPackageReference "firebase-ios-sdk" */;
			productName = FirebaseAuth;
		};
		FC8DD5262959C17E00A20CC7 /* FirebaseCrashlytics */ = {
			isa = XCSwiftPackageProductDependency;
			package = FC8DD5212959C17E00A20CC7 /* XCRemoteSwiftPackageReference "firebase-ios-sdk" */;
			productName = FirebaseCrashlytics;
		};
		FC8DD5282959C17E00A20CC7 /* FirebaseDatabase */ = {
			isa = XCSwiftPackageProductDependency;
			package = FC8DD5212959C17E00A20CC7 /* XCRemoteSwiftPackageReference "firebase-ios-sdk" */;
			productName = FirebaseDatabase;
		};
		FC8DD52A2959C17E00A20CC7 /* FirebaseFirestore */ = {
			isa = XCSwiftPackageProductDependency;
			package = FC8DD5212959C17E00A20CC7 /* XCRemoteSwiftPackageReference "firebase-ios-sdk" */;
			productName = FirebaseFirestore;
		};
		FC8DD52C2959C17E00A20CC7 /* FirebaseRemoteConfig */ = {
			isa = XCSwiftPackageProductDependency;
			package = FC8DD5212959C17E00A20CC7 /* XCRemoteSwiftPackageReference "firebase-ios-sdk" */;
			productName = FirebaseRemoteConfig;
		};
		FC8DD52E2959C17E00A20CC7 /* FirebaseStorage */ = {
			isa = XCSwiftPackageProductDependency;
			package = FC8DD5212959C17E00A20CC7 /* XCRemoteSwiftPackageReference "firebase-ios-sdk" */;
			productName = FirebaseStorage;
		};
/* End XCSwiftPackageProductDependency section */
	};
	rootObject = 68DAB67B294E003A0056D30E /* Project object */;
}
